
Microsoft Visual Studio Solution File, Format Version 12.00
Project("{FAE04EC0-301F-11D3-BF4B-00C04F79EFBC}") = "Carnitas.Model", "Carnitas.Model\Carnitas.Model.csproj", "{56A1B3D8-6159-4E43-B1B8-71446454C3AB}"
EndProject
Project("{FAE04EC0-301F-11D3-BF4B-00C04F79EFBC}") = "Carnitas.Web", "Carnitas.Web\Carnitas.Web.csproj", "{E14BB7F1-3F0B-4DBF-91FC-7CC67B4B8AB4}"
EndProject
Project("{FAE04EC0-301F-11D3-BF4B-00C04F79EFBC}") = "Carnitas", "Carnitas\Carnitas.csproj", "{C1E5A5D2-6418-4942-B40B-3C0A852601BE}"
EndProject
Project("{FAE04EC0-301F-11D3-BF4B-00C04F79EFBC}") = "Carnitas.CLI", "Carnitas.CLI\Carnitas.CLI.csproj", "{A557B0EC-8231-45A2-BF4E-BD655A9B0196}"
EndProject
Project("{FAE04EC0-301F-11D3-BF4B-00C04F79EFBC}") = "Sarsoo.Terraform", "Sarsoo.Terraform\Sarsoo.Terraform\Sarsoo.Terraform.csproj", "{57D3E362-2715-4769-BFFD-037AB64F0420}"
EndProject
Project("{FAE04EC0-301F-11D3-BF4B-00C04F79EFBC}") = "TerraformDotnet", "Sarsoo.Terraform\TerraformDotnet\src\TerraformDotnet\TerraformDotnet.csproj", "{98007ADA-3DD7-4B58-A0F1-E894241588C5}"
EndProject
Project("{FAE04EC0-301F-11D3-BF4B-00C04F79EFBC}") = "TerraformDotnet.Hcl", "Sarsoo.Terraform\TerraformDotnet\src\TerraformDotnet.Hcl\TerraformDotnet.Hcl.csproj", "{7F558146-4CF7-47E8-A4E4-9F03255D643C}"
EndProject
Project("{2150E333-8FDC-42A3-9474-1A3956D46DE8}") = "Lib", "Lib", "{62A25006-108E-4EEB-8E95-42E4B4D3D958}"
EndProject
Global
	GlobalSection(SolutionConfigurationPlatforms) = preSolution
		Debug|Any CPU = Debug|Any CPU
		Release|Any CPU = Release|Any CPU
	EndGlobalSection
	GlobalSection(ProjectConfigurationPlatforms) = postSolution
		{56A1B3D8-6159-4E43-B1B8-71446454C3AB}.Debug|Any CPU.ActiveCfg = Debug|Any CPU
		{56A1B3D8-6159-4E43-B1B8-71446454C3AB}.Debug|Any CPU.Build.0 = Debug|Any CPU
		{56A1B3D8-6159-4E43-B1B8-71446454C3AB}.Release|Any CPU.ActiveCfg = Release|Any CPU
		{56A1B3D8-6159-4E43-B1B8-71446454C3AB}.Release|Any CPU.Build.0 = Release|Any CPU
		{E14BB7F1-3F0B-4DBF-91FC-7CC67B4B8AB4}.Debug|Any CPU.ActiveCfg = Debug|Any CPU
		{E14BB7F1-3F0B-4DBF-91FC-7CC67B4B8AB4}.Debug|Any CPU.Build.0 = Debug|Any CPU
		{E14BB7F1-3F0B-4DBF-91FC-7CC67B4B8AB4}.Release|Any CPU.ActiveCfg = Release|Any CPU
		{E14BB7F1-3F0B-4DBF-91FC-7CC67B4B8AB4}.Release|Any CPU.Build.0 = Release|Any CPU
		{C1E5A5D2-6418-4942-B40B-3C0A852601BE}.Debug|Any CPU.ActiveCfg = Debug|Any CPU
		{C1E5A5D2-6418-4942-B40B-3C0A852601BE}.Debug|Any CPU.Build.0 = Debug|Any CPU
		{C1E5A5D2-6418-4942-B40B-3C0A852601BE}.Release|Any CPU.ActiveCfg = Release|Any CPU
		{C1E5A5D2-6418-4942-B40B-3C0A852601BE}.Release|Any CPU.Build.0 = Release|Any CPU
		{A557B0EC-8231-45A2-BF4E-BD655A9B0196}.Debug|Any CPU.ActiveCfg = Debug|Any CPU
		{A557B0EC-8231-45A2-BF4E-BD655A9B0196}.Debug|Any CPU.Build.0 = Debug|Any CPU
		{A557B0EC-8231-45A2-BF4E-BD655A9B0196}.Release|Any CPU.ActiveCfg = Release|Any CPU
		{A557B0EC-8231-45A2-BF4E-BD655A9B0196}.Release|Any CPU.Build.0 = Release|Any CPU
		{57D3E362-2715-4769-BFFD-037AB64F0420}.Debug|Any CPU.ActiveCfg = Debug|Any CPU
		{57D3E362-2715-4769-BFFD-037AB64F0420}.Debug|Any CPU.Build.0 = Debug|Any CPU
		{57D3E362-2715-4769-BFFD-037AB64F0420}.Release|Any CPU.ActiveCfg = Release|Any CPU
		{57D3E362-2715-4769-BFFD-037AB64F0420}.Release|Any CPU.Build.0 = Release|Any CPU
		{98007ADA-3DD7-4B58-A0F1-E894241588C5}.Debug|Any CPU.ActiveCfg = Debug|Any CPU
		{98007ADA-3DD7-4B58-A0F1-E894241588C5}.Debug|Any CPU.Build.0 = Debug|Any CPU
		{98007ADA-3DD7-4B58-A0F1-E894241588C5}.Release|Any CPU.ActiveCfg = Release|Any CPU
		{98007ADA-3DD7-4B58-A0F1-E894241588C5}.Release|Any CPU.Build.0 = Release|Any CPU
		{7F558146-4CF7-47E8-A4E4-9F03255D643C}.Debug|Any CPU.ActiveCfg = Debug|Any CPU
		{7F558146-4CF7-47E8-A4E4-9F03255D643C}.Debug|Any CPU.Build.0 = Debug|Any CPU
		{7F558146-4CF7-47E8-A4E4-9F03255D643C}.Release|Any CPU.ActiveCfg = Release|Any CPU
		{7F558146-4CF7-47E8-A4E4-9F03255D643C}.Release|Any CPU.Build.0 = Release|Any CPU
	EndGlobalSection
	GlobalSection(NestedProjects) = preSolution
		{57D3E362-2715-4769-BFFD-037AB64F0420} = {62A25006-108E-4EEB-8E95-42E4B4D3D958}
		{98007ADA-3DD7-4B58-A0F1-E894241588C5} = {62A25006-108E-4EEB-8E95-42E4B4D3D958}
		{7F558146-4CF7-47E8-A4E4-9F03255D643C} = {62A25006-108E-4EEB-8E95-42E4B4D3D958}
	EndGlobalSection
EndGlobal
